
Microsoft Visual Studio Solution File, Format Version 12.00
# Visual Studio Version 17
VisualStudioVersion = 17.8.34525.116
MinimumVisualStudioVersion = 10.0.40219.1
Project("{FAE04EC0-301F-11D3-BF4B-00C04F79EFBC}") = "WebApi", "WebApi\WebApi.csproj", "{D0098B6F-97A2-47BC-97EB-FDEC81DD080F}"
EndProject
Project("{FAE04EC0-301F-11D3-BF4B-00C04F79EFBC}") = "Ui", "Ui\Ui.csproj", "{89410BA7-F608-4479-A6FA-E64653891E4F}"
EndProject
Project("{FAE04EC0-301F-11D3-BF4B-00C04F79EFBC}") = "Domains", "Domains\Domains.csproj", "{85CEAC85-A201-4FD1-BABC-83756C874D26}"
EndProject
Project("{FAE04EC0-301F-11D3-BF4B-00C04F79EFBC}") = "BL", "BL\BL.csproj", "{907552E8-F114-4B7C-B9EC-9EBEBBFD494F}"
EndProject
Project("{FAE04EC0-301F-11D3-BF4B-00C04F79EFBC}") = "DAL", "DAL\DAL.csproj", "{B1DAAC19-D7E4-4CDB-8930-14FEB33F431F}"
EndProject
Global
	GlobalSection(SolutionConfigurationPlatforms) = preSolution
		Debug|Any CPU = Debug|Any CPU
		Release|Any CPU = Release|Any CPU
	EndGlobalSection
	GlobalSection(ProjectConfigurationPlatforms) = postSolution
		{D0098B6F-97A2-47BC-97EB-FDEC81DD080F}.Debug|Any CPU.ActiveCfg = Debug|Any CPU
		{D0098B6F-97A2-47BC-97EB-FDEC81DD080F}.Debug|Any CPU.Build.0 = Debug|Any CPU
		{D0098B6F-97A2-47BC-97EB-FDEC81DD080F}.Release|Any CPU.ActiveCfg = Release|Any CPU
		{D0098B6F-97A2-47BC-97EB-FDEC81DD080F}.Release|Any CPU.Build.0 = Release|Any CPU
		{89410BA7-F608-4479-A6FA-E64653891E4F}.Debug|Any CPU.ActiveCfg = Debug|Any CPU
		{89410BA7-F608-4479-A6FA-E64653891E4F}.Debug|Any CPU.Build.0 = Debug|Any CPU
		{89410BA7-F608-4479-A6FA-E64653891E4F}.Release|Any CPU.ActiveCfg = Release|Any CPU
		{89410BA7-F608-4479-A6FA-E64653891E4F}.Release|Any CPU.Build.0 = Release|Any CPU
		{85CEAC85-A201-4FD1-BABC-83756C874D26}.Debug|Any CPU.ActiveCfg = Debug|Any CPU
		{85CEAC85-A201-4FD1-BABC-83756C874D26}.Debug|Any CPU.Build.0 = Debug|Any CPU
		{85CEAC85-A201-4FD1-BABC-83756C874D26}.Release|Any CPU.ActiveCfg = Release|Any CPU
		{85CEAC85-A201-4FD1-BABC-83756C874D26}.Release|Any CPU.Build.0 = Release|Any CPU
		{907552E8-F114-4B7C-B9EC-9EBEBBFD494F}.Debug|Any CPU.ActiveCfg = Debug|Any CPU
		{907552E8-F114-4B7C-B9EC-9EBEBBFD494F}.Debug|Any CPU.Build.0 = Debug|Any CPU
		{907552E8-F114-4B7C-B9EC-9EBEBBFD494F}.Release|Any CPU.ActiveCfg = Release|Any CPU
		{907552E8-F114-4B7C-B9EC-9EBEBBFD494F}.Release|Any CPU.Build.0 = Release|Any CPU
		{B1DAAC19-D7E4-4CDB-8930-14FEB33F431F}.Debug|Any CPU.ActiveCfg = Debug|Any CPU
		{B1DAAC19-D7E4-4CDB-8930-14FEB33F431F}.Debug|Any CPU.Build.0 = Debug|Any CPU
		{B1DAAC19-D7E4-4CDB-8930-14FEB33F431F}.Release|Any CPU.ActiveCfg = Release|Any CPU
		{B1DAAC19-D7E4-4CDB-8930-14FEB33F431F}.Release|Any CPU.Build.0 = Release|Any CPU
	EndGlobalSection
	GlobalSection(SolutionProperties) = preSolution
		HideSolutionNode = FALSE
	EndGlobalSection
	GlobalSection(ExtensibilityGlobals) = postSolution
		SolutionGuid = {DE786BB2-D31B-4A7E-AA11-3D184B682AD7}
	EndGlobalSection
EndGlobal
